
Microsoft Visual Studio Solution File, Format Version 12.00
# Visual Studio Version 17
VisualStudioVersion = 17.11.35208.52
MinimumVisualStudioVersion = 10.0.40219.1
Project("{FAE04EC0-301F-11D3-BF4B-00C04F79EFBC}") = "Ejercio1", "Ejercio1\Ejercio1.csproj", "{BDE2C42D-7A69-44DD-A4E8-865EC2E08F2C}"
EndProject
Global
	GlobalSection(SolutionConfigurationPlatforms) = preSolution
		Debug|Any CPU = Debug|Any CPU
		Release|Any CPU = Release|Any CPU
	EndGlobalSection
	GlobalSection(ProjectConfigurationPlatforms) = postSolution
		{BDE2C42D-7A69-44DD-A4E8-865EC2E08F2C}.Debug|Any CPU.ActiveCfg = Debug|Any CPU
		{BDE2C42D-7A69-44DD-A4E8-865EC2E08F2C}.Debug|Any CPU.Build.0 = Debug|Any CPU
		{BDE2C42D-7A69-44DD-A4E8-865EC2E08F2C}.Release|Any CPU.ActiveCfg = Release|Any CPU
		{BDE2C42D-7A69-44DD-A4E8-865EC2E08F2C}.Release|Any CPU.Build.0 = Release|Any CPU
	EndGlobalSection
	GlobalSection(SolutionProperties) = preSolution
		HideSolutionNode = FALSE
	EndGlobalSection
	GlobalSection(ExtensibilityGlobals) = postSolution
		SolutionGuid = {F2E41014-B3FE-4C98-BC73-350D01CD3F70}
	EndGlobalSection
EndGlobal
